
Microsoft Visual Studio Solution File, Format Version 12.00
Project("{FAE04EC0-301F-11D3-BF4B-00C04F79EFBC}") = "CarouselGenerator", "CarouselGenerator\CarouselGenerator.csproj", "{D3C48322-C8F8-4EA6-B96C-D98AA84F1196}"
EndProject
Global
	GlobalSection(SolutionConfigurationPlatforms) = preSolution
		Debug|Any CPU = Debug|Any CPU
		Release|Any CPU = Release|Any CPU
	EndGlobalSection
	GlobalSection(ProjectConfigurationPlatforms) = postSolution
		{D3C48322-C8F8-4EA6-B96C-D98AA84F1196}.Debug|Any CPU.ActiveCfg = Debug|Any CPU
		{D3C48322-C8F8-4EA6-B96C-D98AA84F1196}.Debug|Any CPU.Build.0 = Debug|Any CPU
		{D3C48322-C8F8-4EA6-B96C-D98AA84F1196}.Release|Any CPU.ActiveCfg = Release|Any CPU
		{D3C48322-C8F8-4EA6-B96C-D98AA84F1196}.Release|Any CPU.Build.0 = Release|Any CPU
	EndGlobalSection
EndGlobal
